
Microsoft Visual Studio Solution File, Format Version 12.00
# Visual Studio 15
VisualStudioVersion = 15.0.27130.2003
MinimumVisualStudioVersion = 10.0.40219.1
Project("{8BC9CEB8-8B4A-11D0-8D11-00A0C91BC942}") = "Temperatures", "Temperatures\Temperatures.vcxproj", "{0B9155ED-8E7F-4698-8733-F0E044B41D55}"
EndProject
Global
	GlobalSection(SolutionConfigurationPlatforms) = preSolution
		Debug|x64 = Debug|x64
		Debug|x86 = Debug|x86
		Release|x64 = Release|x64
		Release|x86 = Release|x86
	EndGlobalSection
	GlobalSection(ProjectConfigurationPlatforms) = postSolution
		{0B9155ED-8E7F-4698-8733-F0E044B41D55}.Debug|x64.ActiveCfg = Debug|x64
		{0B9155ED-8E7F-4698-8733-F0E044B41D55}.Debug|x64.Build.0 = Debug|x64
		{0B9155ED-8E7F-4698-8733-F0E044B41D55}.Debug|x86.ActiveCfg = Debug|Win32
		{0B9155ED-8E7F-4698-8733-F0E044B41D55}.Debug|x86.Build.0 = Debug|Win32
		{0B9155ED-8E7F-4698-8733-F0E044B41D55}.Release|x64.ActiveCfg = Release|x64
		{0B9155ED-8E7F-4698-8733-F0E044B41D55}.Release|x64.Build.0 = Release|x64
		{0B9155ED-8E7F-4698-8733-F0E044B41D55}.Release|x86.ActiveCfg = Release|Win32
		{0B9155ED-8E7F-4698-8733-F0E044B41D55}.Release|x86.Build.0 = Release|Win32
	EndGlobalSection
	GlobalSection(SolutionProperties) = preSolution
		HideSolutionNode = FALSE
	EndGlobalSection
	GlobalSection(ExtensibilityGlobals) = postSolution
		SolutionGuid = {336A31B5-C362-4373-89A5-8B5F44380517}
	EndGlobalSection
EndGlobal
