
Microsoft Visual Studio Solution File, Format Version 12.00
# Visual Studio 15
VisualStudioVersion = 15.0.27130.2003
MinimumVisualStudioVersion = 10.0.40219.1
Project("{8BC9CEB8-8B4A-11D0-8D11-00A0C91BC942}") = "Unwanted_words (2vectords ver.2)", "Unwanted_words (2vectords ver.2)\Unwanted_words (2vectords ver.2).vcxproj", "{B2943163-023C-4C6A-9DE9-2834E92F9270}"
EndProject
Global
	GlobalSection(SolutionConfigurationPlatforms) = preSolution
		Debug|x64 = Debug|x64
		Debug|x86 = Debug|x86
		Release|x64 = Release|x64
		Release|x86 = Release|x86
	EndGlobalSection
	GlobalSection(ProjectConfigurationPlatforms) = postSolution
		{B2943163-023C-4C6A-9DE9-2834E92F9270}.Debug|x64.ActiveCfg = Debug|x64
		{B2943163-023C-4C6A-9DE9-2834E92F9270}.Debug|x64.Build.0 = Debug|x64
		{B2943163-023C-4C6A-9DE9-2834E92F9270}.Debug|x86.ActiveCfg = Debug|Win32
		{B2943163-023C-4C6A-9DE9-2834E92F9270}.Debug|x86.Build.0 = Debug|Win32
		{B2943163-023C-4C6A-9DE9-2834E92F9270}.Release|x64.ActiveCfg = Release|x64
		{B2943163-023C-4C6A-9DE9-2834E92F9270}.Release|x64.Build.0 = Release|x64
		{B2943163-023C-4C6A-9DE9-2834E92F9270}.Release|x86.ActiveCfg = Release|Win32
		{B2943163-023C-4C6A-9DE9-2834E92F9270}.Release|x86.Build.0 = Release|Win32
	EndGlobalSection
	GlobalSection(SolutionProperties) = preSolution
		HideSolutionNode = FALSE
	EndGlobalSection
	GlobalSection(ExtensibilityGlobals) = postSolution
		SolutionGuid = {380E0B72-B987-43BE-8ACA-E2D9F509D056}
	EndGlobalSection
EndGlobal
